{
  "requires": true,
  "lockfileVersion": 1,
  "dependencies": {
    "@syncfusion/ej2-base": {
      "version": "19.2.60",
      "resolved": "https://registry.npmjs.org/@syncfusion/ej2-base/-/ej2-base-19.2.60.tgz",
      "integrity": "sha512-TlUKqKc9/B9c8UWdihM9HIS2QG/YietKA12QTaQuDR2tZNVnU40VJmCwGUJT1LxhDxJRrJrzV8aCbbCGM/a8Xw==",
      "requires": {
        "@syncfusion/ej2-icons": "~19.2.60"
      }
    },
    "@syncfusion/ej2-buttons": {
      "version": "19.2.60",
      "resolved": "https://registry.npmjs.org/@syncfusion/ej2-buttons/-/ej2-buttons-19.2.60.tgz",
      "integrity": "sha512-AvxDXrVqvkPlTb/DnQHs4izjq0tKlheobyR2NUibD8a3mcVbll/0nRjMTuUcuDuTz/KNvLTyLNso5FXgrbKOxw==",
      "requires": {
        "@syncfusion/ej2-base": "~19.2.60"
      }
    },
    "@syncfusion/ej2-calendars": {
      "version": "19.2.60",
      "resolved": "https://registry.npmjs.org/@syncfusion/ej2-calendars/-/ej2-calendars-19.2.60.tgz",
      "integrity": "sha512-xHApMO6YCq6ei75ag6DMtrW2zQHWoXKfPrOQYD9gaUQgVTNPoggMpjo7l/8AS2CJC5IeSaaNWaGrYUjqLiK62g==",
      "requires": {
        "@syncfusion/ej2-base": "~19.2.60",
        "@syncfusion/ej2-buttons": "~19.2.60",
        "@syncfusion/ej2-inputs": "~19.2.60",
        "@syncfusion/ej2-lists": "~19.2.60",
        "@syncfusion/ej2-popups": "~19.2.60"
      }
    },
    "@syncfusion/ej2-data": {
      "version": "19.2.60",
      "resolved": "https://registry.npmjs.org/@syncfusion/ej2-data/-/ej2-data-19.2.60.tgz",
      "integrity": "sha512-OaSYS9/Hbcw60AtrKOYiwNQqD1tmuC8LeSstqCnCwtsjtvbflH9CTh9vNlvfCs72/+0JscNyOw+cTP8dMt50ag==",
      "requires": {
        "@syncfusion/ej2-base": "~19.2.60"
      }
    },
    "@syncfusion/ej2-icons": {
      "version": "19.2.60",
      "resolved": "https://registry.npmjs.org/@syncfusion/ej2-icons/-/ej2-icons-19.2.60.tgz",
      "integrity": "sha512-Q2XdkPSJ7FpYaAKmVTY9ZGPFxTrB3L9s8c24jNT+kFVZ7KiygEmSfESq52MmURkiZ8fLRY4qmil7x1y8Q5nDMQ=="
    },
    "@syncfusion/ej2-inputs": {
      "version": "19.2.60",
      "resolved": "https://registry.npmjs.org/@syncfusion/ej2-inputs/-/ej2-inputs-19.2.60.tgz",
      "integrity": "sha512-so/uIEEWPL6PiXWekwba6u2tZC8ZavNwAJ6YKefHRjRswdvtncbGx1+x3pBT4apN0f4fy5J200d1EJ3QgnzHhg==",
      "requires": {
        "@syncfusion/ej2-base": "~19.2.60",
        "@syncfusion/ej2-buttons": "~19.2.60",
        "@syncfusion/ej2-popups": "~19.2.60",
        "@syncfusion/ej2-splitbuttons": "~19.2.60"
      }
    },
    "@syncfusion/ej2-lists": {
      "version": "19.2.60",
      "resolved": "https://registry.npmjs.org/@syncfusion/ej2-lists/-/ej2-lists-19.2.60.tgz",
      "integrity": "sha512-aG4/KJr1WriaQEmLlwaD/MAzsPsb/yO5tMQtnZcaxGm5PPMAFKm5/z83PgZb+qi+TmJM9bxyC2lXhu6UA7n1VA==",
      "requires": {
        "@syncfusion/ej2-base": "~19.2.60",
        "@syncfusion/ej2-buttons": "~19.2.60",
        "@syncfusion/ej2-data": "~19.2.60"
      }
    },
    "@syncfusion/ej2-popups": {
      "version": "19.2.60",
      "resolved": "https://registry.npmjs.org/@syncfusion/ej2-popups/-/ej2-popups-19.2.60.tgz",
      "integrity": "sha512-hj3aqrgCU4ep20336S0uqAQ8mYcH+XyNjnNVHhrEKxEeNkefeIjE3BKk5/ZDr3IlQLFRdKJBF6m9XK46hQA3ew==",
      "requires": {
        "@syncfusion/ej2-base": "~19.2.60",
        "@syncfusion/ej2-buttons": "~19.2.60"
      }
    },
    "@syncfusion/ej2-react-base": {
      "version": "19.2.60",
      "resolved": "https://registry.npmjs.org/@syncfusion/ej2-react-base/-/ej2-react-base-19.2.60.tgz",
      "integrity": "sha512-J9BqTSP1G+qNJN3C/RaRYta7+gc8NcV2vJs3/Czhf2A4iedU7P4naIuFlsKYWEzbiI3boWdawoqMsHbBHSGUXQ==",
      "requires": {
        "@syncfusion/ej2-base": "~19.2.60"
      }
    },
    "@syncfusion/ej2-react-calendars": {
      "version": "19.2.60",
      "resolved": "https://registry.npmjs.org/@syncfusion/ej2-react-calendars/-/ej2-react-calendars-19.2.60.tgz",
      "integrity": "sha512-qvsceBbX9qIQLolk1DOY4GDvq9msJpWV1IO9dxzAvb4AxzoR/C6lIJ8Hy/YZaJG9dDoDG2+TtHXQVInJIGdrTw==",
      "requires": {
        "@syncfusion/ej2-base": "~19.2.60",
        "@syncfusion/ej2-calendars": "19.2.60",
        "@syncfusion/ej2-react-base": "~19.2.60"
      }
    },
    "@syncfusion/ej2-splitbuttons": {
      "version": "19.2.60",
      "resolved": "https://registry.npmjs.org/@syncfusion/ej2-splitbuttons/-/ej2-splitbuttons-19.2.60.tgz",
      "integrity": "sha512-zcQ+Mpe6Fd8SzbsDPqrLWon8Ylr/nDvL4L2TWsn4U977aGe/lBpULZqK6yge0E2Il4uvicgKNWKjp8vzfVFPpw==",
      "requires": {
        "@syncfusion/ej2-base": "~19.2.60",
        "@syncfusion/ej2-popups": "~19.2.60"
      }
    }
  }
}
